
Microsoft Visual Studio Solution File, Format Version 12.00
# Visual Studio Version 16
VisualStudioVersion = 16.0.32802.440
MinimumVisualStudioVersion = 10.0.40219.1
Project("{FAE04EC0-301F-11D3-BF4B-00C04F79EFBC}") = "LTUDMIS62", "LTUDMIS62\LTUDMIS62.csproj", "{B75871AC-2CDA-439A-930D-B78654F24970}"
EndProject
Global
	GlobalSection(SolutionConfigurationPlatforms) = preSolution
		Debug|Any CPU = Debug|Any CPU
		Release|Any CPU = Release|Any CPU
	EndGlobalSection
	GlobalSection(ProjectConfigurationPlatforms) = postSolution
		{B75871AC-2CDA-439A-930D-B78654F24970}.Debug|Any CPU.ActiveCfg = Debug|Any CPU
		{B75871AC-2CDA-439A-930D-B78654F24970}.Debug|Any CPU.Build.0 = Debug|Any CPU
		{B75871AC-2CDA-439A-930D-B78654F24970}.Release|Any CPU.ActiveCfg = Release|Any CPU
		{B75871AC-2CDA-439A-930D-B78654F24970}.Release|Any CPU.Build.0 = Release|Any CPU
	EndGlobalSection
	GlobalSection(SolutionProperties) = preSolution
		HideSolutionNode = FALSE
	EndGlobalSection
	GlobalSection(ExtensibilityGlobals) = postSolution
		SolutionGuid = {42440636-B9CC-45F8-A777-394B8101C067}
	EndGlobalSection
EndGlobal
